// !$*UTF8*$!
{
	archiveVersion = 1;
	classes = {
	};
	objectVersion = 50;
	objects = {

/* Begin PBXBuildFile section */
		910CEE7E2070EBB700B4E048 /* AppDelegate.m in Sources */ = {isa = PBXBuildFile; fileRef = 910CEE7D2070EBB700B4E048 /* AppDelegate.m */; };
		910CEE812070EBB700B4E048 /* ViewController.m in Sources */ = {isa = PBXBuildFile; fileRef = 910CEE802070EBB700B4E048 /* ViewController.m */; };
		910CEE832070EBB800B4E048 /* Assets.xcassets in Resources */ = {isa = PBXBuildFile; fileRef = 910CEE822070EBB800B4E048 /* Assets.xcassets */; };
		910CEE862070EBB800B4E048 /* Main.storyboard in Resources */ = {isa = PBXBuildFile; fileRef = 910CEE842070EBB800B4E048 /* Main.storyboard */; };
		910CEE892070EBB800B4E048 /* main.m in Sources */ = {isa = PBXBuildFile; fileRef = 910CEE882070EBB800B4E048 /* main.m */; };
		910CEE932070EBD100B4E048 /* ITSwitch.m in Sources */ = {isa = PBXBuildFile; fileRef = 910CEE922070EBD100B4E048 /* ITSwitch.m */; };
/* End PBXBuildFile section */

/* Begin PBXFileReference section */
		910CEE792070EBB700B4E048 /* ITSwitch-Demo.app */ = {isa = PBXFileReference; explicitFileType = wrapper.application; includeInIndex = 0; path = "ITSwitch-Demo.app"; sourceTree = BUILT_PRODUCTS_DIR; };
		910CEE7C2070EBB700B4E048 /* AppDelegate.h */ = {isa = PBXFileReference; lastKnownFileType = sourcecode.c.h; path = AppDelegate.h; sourceTree = "<group>"; };
		910CEE7D2070EBB700B4E048 /* AppDelegate.m */ = {isa = PBXFileReference; lastKnownFileType = sourcecode.c.objc; path = AppDelegate.m; sourceTree = "<group>"; };
		910CEE7F2070EBB700B4E048 /* ViewController.h */ = {isa = PBXFileReference; lastKnownFileType = sourcecode.c.h; path = ViewController.h; sourceTree = "<group>"; };
		910CEE802070EBB700B4E048 /* ViewController.m */ = {isa = PBXFileReference; lastKnownFileType = sourcecode.c.objc; path = ViewController.m; sourceTree = "<group>"; };
		910CEE822070EBB800B4E048 /* Assets.xcassets */ = {isa = PBXFileReference; lastKnownFileType = folder.assetcatalog; path = Assets.xcassets; sourceTree = "<group>"; };
		910CEE852070EBB800B4E048 /* Base */ = {isa = PBXFileReference; lastKnownFileType = file.storyboard; name = Base; path = Base.lproj/Main.storyboard; sourceTree = "<group>"; };
		910CEE872070EBB800B4E048 /* Info.plist */ = {isa = PBXFileReference; lastKnownFileType = text.plist.xml; path = Info.plist; sourceTree = "<group>"; };
		910CEE882070EBB800B4E048 /* main.m */ = {isa = PBXFileReference; lastKnownFileType = sourcecode.c.objc; path = main.m; sourceTree = "<group>"; };
		910CEE8A2070EBB800B4E048 /* ITSwitch_Demo.entitlements */ = {isa = PBXFileReference; lastKnownFileType = text.plist.entitlements; path = ITSwitch_Demo.entitlements; sourceTree = "<group>"; };
		910CEE912070EBD100B4E048 /* ITSwitch.h */ = {isa = PBXFileReference; fileEncoding = 4; lastKnownFileType = sourcecode.c.h; name = ITSwitch.h; path = ../../ITSwitch/ITSwitch.h; sourceTree = "<group>"; };
		910CEE922070EBD100B4E048 /* ITSwitch.m */ = {isa = PBXFileReference; fileEncoding = 4; lastKnownFileType = sourcecode.c.objc; name = ITSwitch.m; path = ../../ITSwitch/ITSwitch.m; sourceTree = "<group>"; };
/* End PBXFileReference section */

/* Begin PBXFrameworksBuildPhase section */
		910CEE762070EBB700B4E048 /* Frameworks */ = {
			isa = PBXFrameworksBuildPhase;
			buildActionMask = 2147483647;
			files = (
			);
			runOnlyForDeploymentPostprocessing = 0;
		};
/* End PBXFrameworksBuildPhase section */

/* Begin PBXGroup section */
		910CEE702070EBB600B4E048 = {
			isa = PBXGroup;
			children = (
				910CEE902070EBC500B4E048 /* ITSwitch */,
				910CEE7B2070EBB700B4E048 /* ITSwitch-Demo */,
				910CEE7A2070EBB700B4E048 /* Products */,
			);
			sourceTree = "<group>";
		};
		910CEE7A2070EBB700B4E048 /* Products */ = {
			isa = PBXGroup;
			children = (
				910CEE792070EBB700B4E048 /* ITSwitch-Demo.app */,
			);
			name = Products;
			sourceTree = "<group>";
		};
		910CEE7B2070EBB700B4E048 /* ITSwitch-Demo */ = {
			isa = PBXGroup;
			children = (
				910CEE7C2070EBB700B4E048 /* AppDelegate.h */,
				910CEE7D2070EBB700B4E048 /* AppDelegate.m */,
				910CEE7F2070EBB700B4E048 /* ViewController.h */,
				910CEE802070EBB700B4E048 /* ViewController.m */,
				910CEE822070EBB800B4E048 /* Assets.xcassets */,
				910CEE842070EBB800B4E048 /* Main.storyboard */,
				910CEE872070EBB800B4E048 /* Info.plist */,
				910CEE882070EBB800B4E048 /* main.m */,
				910CEE8A2070EBB800B4E048 /* ITSwitch_Demo.entitlements */,
			);
			path = "ITSwitch-Demo";
			sourceTree = "<group>";
		};
		910CEE902070EBC500B4E048 /* ITSwitch */ = {
			isa = PBXGroup;
			children = (
				910CEE912070EBD100B4E048 /* ITSwitch.h */,
				910CEE922070EBD100B4E048 /* ITSwitch.m */,
			);
			path = ITSwitch;
			sourceTree = "<group>";
		};
/* End PBXGroup section */

/* Begin PBXNativeTarget section */
		910CEE782070EBB700B4E048 /* ITSwitch-Demo */ = {
			isa = PBXNativeTarget;
			buildConfigurationList = 910CEE8D2070EBB800B4E048 /* Build configuration list for PBXNativeTarget "ITSwitch-Demo" */;
			buildPhases = (
				910CEE752070EBB700B4E048 /* Sources */,
				910CEE762070EBB700B4E048 /* Frameworks */,
				910CEE772070EBB700B4E048 /* Resources */,
			);
			buildRules = (
			);
			dependencies = (
			);
			name = "ITSwitch-Demo";
			productName = "ITSwitch-Demo";
			productReference = 910CEE792070EBB700B4E048 /* ITSwitch-Demo.app */;
			productType = "com.apple.product-type.application";
		};
/* End PBXNativeTarget section */

/* Begin PBXProject section */
		910CEE712070EBB600B4E048 /* Project object */ = {
			isa = PBXProject;
			attributes = {
				LastUpgradeCheck = 0930;
				ORGANIZATIONNAME = "Ilija Tovilo";
				TargetAttributes = {
					910CEE782070EBB700B4E048 = {
						CreatedOnToolsVersion = 9.3;
					};
				};
			};
			buildConfigurationList = 910CEE742070EBB600B4E048 /* Build configuration list for PBXProject "ITSwitch-Demo" */;
			compatibilityVersion = "Xcode 9.3";
			developmentRegion = en;
			hasScannedForEncodings = 0;
			knownRegions = (
				en,
				Base,
			);
			mainGroup = 910CEE702070EBB600B4E048;
			productRefGroup = 910CEE7A2070EBB700B4E048 /* Products */;
			projectDirPath = "";
			projectRoot = "";
			targets = (
				910CEE782070EBB700B4E048 /* ITSwitch-Demo */,
			);
		};
/* End PBXProject section */

/* Begin PBXResourcesBuildPhase section */
		910CEE772070EBB700B4E048 /* Resources */ = {
			isa = PBXResourcesBuildPhase;
			buildActionMask = 2147483647;
			files = (
				910CEE832070EBB800B4E048 /* Assets.xcassets in Resources */,
				910CEE862070EBB800B4E048 /* Main.storyboard in Resources */,
			);
			runOnlyForDeploymentPostprocessing = 0;
		};
/* End PBXResourcesBuildPhase section */

/* Begin PBXSourcesBuildPhase section */
		910CEE752070EBB700B4E048 /* Sources */ = {
			isa = PBXSourcesBuildPhase;
			buildActionMask = 2147483647;
			files = (
				910CEE932070EBD100B4E048 /* ITSwitch.m in Sources */,
				910CEE812070EBB700B4E048 /* ViewController.m in Sources */,
				910CEE892070EBB800B4E048 /* main.m in Sources */,
				910CEE7E2070EBB700B4E048 /* AppDelegate.m in Sources */,
			);
			runOnlyForDeploymentPostprocessing = 0;
		};
/* End PBXSourcesBuildPhase section */

/* Begin PBXVariantGroup section */
		910CEE842070EBB800B4E048 /* Main.storyboard */ = {
			isa = PBXVariantGroup;
			children = (
				910CEE852070EBB800B4E048 /* Base */,
			);
			name = Main.storyboard;
			sourceTree = "<group>";
		};
/* End PBXVariantGroup section */

/* Begin XCBuildConfiguration section */
		910CEE8B2070EBB800B4E048 /* Debug */ = {
			isa = XCBuildConfiguration;
			buildSettings = {
				ALWAYS_SEARCH_USER_PATHS = NO;
				CLANG_ANALYZER_NONNULL = YES;
				CLANG_ANALYZER_NUMBER_OBJECT_CONVERSION = YES_AGGRESSIVE;
				CLANG_CXX_LANGUAGE_STANDARD = "gnu++14";
				CLANG_CXX_LIBRARY = "libc++";
				CLANG_ENABLE_MODULES = YES;
				CLANG_ENABLE_OBJC_ARC = YES;
				CLANG_ENABLE_OBJC_WEAK = YES;
				CLANG_WARN_BLOCK_CAPTURE_AUTORELEASING = YES;
				CLANG_WARN_BOOL_CONVERSION = YES;
				CLANG_WARN_COMMA = YES;
				CLANG_WARN_CONSTANT_CONVERSION = YES;
				CLANG_WARN_DEPRECATED_OBJC_IMPLEMENTATIONS = YES;
				CLANG_WARN_DIRECT_OBJC_ISA_USAGE = YES_ERROR;
				CLANG_WARN_DOCUMENTATION_COMMENTS = YES;
				CLANG_WARN_EMPTY_BODY = YES;
				CLANG_WARN_ENUM_CONVERSION = YES;
				CLANG_WARN_INFINITE_RECURSION = YES;
				CLANG_WARN_INT_CONVERSION = YES;
				CLANG_WARN_NON_LITERAL_NULL_CONVERSION = YES;
				CLANG_WARN_OBJC_IMPLICIT_RETAIN_SELF = YES;
				CLANG_WARN_OBJC_LITERAL_CONVERSION = YES;
				CLANG_WARN_OBJC_ROOT_CLASS = YES_ERROR;
				CLANG_WARN_RANGE_LOOP_ANALYSIS = YES;
				CLANG_WARN_STRICT_PROTOTYPES = YES;
				CLANG_WARN_SUSPICIOUS_MOVE = YES;
				CLANG_WARN_UNGUARDED_AVAILABILITY = YES_AGGRESSIVE;
				CLANG_WARN_UNREACHABLE_CODE = YES;
				CLANG_WARN__DUPLICATE_METHOD_MATCH = YES;
				CODE_SIGN_IDENTITY = "-";
				COPY_PHASE_STRIP = NO;
				DEBUG_INFORMATION_FORMAT = dwarf;
				ENABLE_STRICT_OBJC_MSGSEND = YES;
				ENABLE_TESTABILITY = YES;
				GCC_C_LANGUAGE_STANDARD = gnu11;
				GCC_DYNAMIC_NO_PIC = NO;
				GCC_NO_COMMON_BLOCKS = YES;
				GCC_OPTIMIZATION_LEVEL = 0;
				GCC_PREPROCESSOR_DEFINITIONS = (
					"DEBUG=1",
					"$(inherited)",
				);
				GCC_WARN_64_TO_32_BIT_CONVERSION = YES;
				GCC_WARN_ABOUT_RETURN_TYPE = YES_ERROR;
				GCC_WARN_UNDECLARED_SELECTOR = YES;
				GCC_WARN_UNINITIALIZED_AUTOS = YES_AGGRESSIVE;
				GCC_WARN_UNUSED_FUNCTION = YES;
				GCC_WARN_UNUSED_VARIABLE = YES;
				MACOSX_DEPLOYMENT_TARGET = 10.13;
				MTL_ENABLE_DEBUG_INFO = YES;
				ONLY_ACTIVE_ARCH = YES;
				SDKROOT = macosx;
			};
			name = Debug;
		};
		910CEE8C2070EBB800B4E048 /* Release */ = {
			isa = XCBuildConfiguration;
			buildSettings = {
				ALWAYS_SEARCH_USER_PATHS = NO;
				CLANG_ANALYZER_NONNULL = YES;
				CLANG_ANALYZER_NUMBER_OBJECT_CONVERSION = YES_AGGRESSIVE;
				CLANG_CXX_LANGUAGE_STANDARD = "gnu++14";
				CLANG_CXX_LIBRARY = "libc++";
				CLANG_ENABLE_MODULES = YES;
				CLANG_ENABLE_OBJC_ARC = YES;
				CLANG_ENABLE_OBJC_WEAK = YES;
				CLANG_WARN_BLOCK_CAPTURE_AUTORELEASING = YES;
				CLANG_WARN_BOOL_CONVERSION = YES;
				CLANG_WARN_COMMA = YES;
				CLANG_WARN_CONSTANT_CONVERSION = YES;
				CLANG_WARN_DEPRECATED_OBJC_IMPLEMENTATIONS = YES;
				CLANG_WARN_DIRECT_OBJC_ISA_USAGE = YES_ERROR;
				CLANG_WARN_DOCUMENTATION_COMMENTS = YES;
				CLANG_WARN_EMPTY_BODY = YES;
				CLANG_WARN_ENUM_CONVERSION = YES;
				CLANG_WARN_INFINITE_RECURSION = YES;
				CLANG_WARN_INT_CONVERSION = YES;
				CLANG_WARN_NON_LITERAL_NULL_CONVERSION = YES;
				CLANG_WARN_OBJC_IMPLICIT_RETAIN_SELF = YES;
				CLANG_WARN_OBJC_LITERAL_CONVERSION = YES;
				CLANG_WARN_OBJC_ROOT_CLASS = YES_ERROR;
				CLANG_WARN_RANGE_LOOP_ANALYSIS = YES;
				CLANG_WARN_STRICT_PROTOTYPES = YES;
				CLANG_WARN_SUSPICIOUS_MOVE = YES;
				CLANG_WARN_UNGUARDED_AVAILABILITY = YES_AGGRESSIVE;
				CLANG_WARN_UNREACHABLE_CODE = YES;
				CLANG_WARN__DUPLICATE_METHOD_MATCH = YES;
				CODE_SIGN_IDENTITY = "-";
				COPY_PHASE_STRIP = NO;
				DEBUG_INFORMATION_FORMAT = "dwarf-with-dsym";
				ENABLE_NS_ASSERTIONS = NO;
				ENABLE_STRICT_OBJC_MSGSEND = YES;
				GCC_C_LANGUAGE_STANDARD = gnu11;
				GCC_NO_COMMON_BLOCKS = YES;
				GCC_WARN_64_TO_32_BIT_CONVERSION = YES;
				GCC_WARN_ABOUT_RETURN_TYPE = YES_ERROR;
				GCC_WARN_UNDECLARED_SELECTOR = YES;
				GCC_WARN_UNINITIALIZED_AUTOS = YES_AGGRESSIVE;
				GCC_WARN_UNUSED_FUNCTION = YES;
				GCC_WARN_UNUSED_VARIABLE = YES;
				MACOSX_DEPLOYMENT_TARGET = 10.13;
				MTL_ENABLE_DEBUG_INFO = NO;
				SDKROOT = macosx;
			};
			name = Release;
		};
		910CEE8E2070EBB800B4E048 /* Debug */ = {
			isa = XCBuildConfiguration;
			buildSettings = {
				ASSETCATALOG_COMPILER_APPICON_NAME = AppIcon;
				CODE_SIGN_ENTITLEMENTS = "ITSwitch-Demo/ITSwitch_Demo.entitlements";
				CODE_SIGN_STYLE = Automatic;
				COMBINE_HIDPI_IMAGES = YES;
				INFOPLIST_FILE = "ITSwitch-Demo/Info.plist";
				LD_RUNPATH_SEARCH_PATHS = (
					"$(inherited)",
					"@executable_path/../Frameworks",
				);
				PRODUCT_BUNDLE_IDENTIFIER = "ch.ilijatovilo.ITSwitch-Demo";
				PRODUCT_NAME = "$(TARGET_NAME)";
			};
			name = Debug;
		};
		910CEE8F2070EBB800B4E048 /* Release */ = {
			isa = XCBuildConfiguration;
			buildSettings = {
				ASSETCATALOG_COMPILER_APPICON_NAME = AppIcon;
				CODE_SIGN_ENTITLEMENTS = "ITSwitch-Demo/ITSwitch_Demo.entitlements";
				CODE_SIGN_STYLE = Automatic;
				COMBINE_HIDPI_IMAGES = YES;
				INFOPLIST_FILE = "ITSwitch-Demo/Info.plist";
				LD_RUNPATH_SEARCH_PATHS = (
					"$(inherited)",
					"@executable_path/../Frameworks",
				);
				PRODUCT_BUNDLE_IDENTIFIER = "ch.ilijatovilo.ITSwitch-Demo";
				PRODUCT_NAME = "$(TARGET_NAME)";
			};
			name = Release;
		};
/* End XCBuildConfiguration section */

/* Begin XCConfigurationList section */
		910CEE742070EBB600B4E048 /* Build configuration list for PBXProject "ITSwitch-Demo" */ = {
			isa = XCConfigurationList;
			buildConfigurations = (
				910CEE8B2070EBB800B4E048 /* Debug */,
				910CEE8C2070EBB800B4E048 /* Release */,
			);
			defaultConfigurationIsVisible = 0;
			defaultConfigurationName = Release;
		};
		910CEE8D2070EBB800B4E048 /* Build configuration list for PBXNativeTarget "ITSwitch-Demo" */ = {
			isa = XCConfigurationList;
			buildConfigurations = (
				910CEE8E2070EBB800B4E048 /* Debug */,
				910CEE8F2070EBB800B4E048 /* Release */,
			);
			defaultConfigurationIsVisible = 0;
			defaultConfigurationName = Release;
		};
/* End XCConfigurationList section */
	};
	rootObject = 910CEE712070EBB600B4E048 /* Project object */;
}
